
Microsoft Visual Studio Solution File, Format Version 12.00
# Visual Studio Version 17
VisualStudioVersion = 17.9.34616.47
MinimumVisualStudioVersion = 10.0.40219.1
Project("{FAE04EC0-301F-11D3-BF4B-00C04F79EFBC}") = "TodoApi", "TodoApi\TodoApi.csproj", "{3E2778D2-1717-4A2A-94D0-C975A1C82D0F}"
EndProject
Global
	GlobalSection(SolutionConfigurationPlatforms) = preSolution
		Debug|Any CPU = Debug|Any CPU
		Release|Any CPU = Release|Any CPU
	EndGlobalSection
	GlobalSection(ProjectConfigurationPlatforms) = postSolution
		{3E2778D2-1717-4A2A-94D0-C975A1C82D0F}.Debug|Any CPU.ActiveCfg = Debug|Any CPU
		{3E2778D2-1717-4A2A-94D0-C975A1C82D0F}.Debug|Any CPU.Build.0 = Debug|Any CPU
		{3E2778D2-1717-4A2A-94D0-C975A1C82D0F}.Release|Any CPU.ActiveCfg = Release|Any CPU
		{3E2778D2-1717-4A2A-94D0-C975A1C82D0F}.Release|Any CPU.Build.0 = Release|Any CPU
	EndGlobalSection
	GlobalSection(SolutionProperties) = preSolution
		HideSolutionNode = FALSE
	EndGlobalSection
	GlobalSection(ExtensibilityGlobals) = postSolution
		SolutionGuid = {F477ED75-96D5-439A-8FC5-CEAF47A10DBF}
	EndGlobalSection
EndGlobal
